
Microsoft Visual Studio Solution File, Format Version 12.00
# Visual Studio Version 16
VisualStudioVersion = 16.0.28917.181
MinimumVisualStudioVersion = 10.0.40219.1
Project("{FAE04EC0-301F-11D3-BF4B-00C04F79EFBC}") = "Domein", "Domein\Domein.csproj", "{0483EB74-B574-4115-9C04-69183DB435F9}"
EndProject
Project("{FAE04EC0-301F-11D3-BF4B-00C04F79EFBC}") = "ASP.NET", "MVC\ASP.NET.csproj", "{89859A7B-1309-4327-9086-097A9E6FC498}"
EndProject
Project("{FAE04EC0-301F-11D3-BF4B-00C04F79EFBC}") = "WebApp", "WebApp\WebApp.csproj", "{8900B34A-B00B-4FBC-9D3F-9C91781DBC8A}"
EndProject
Global
	GlobalSection(SolutionConfigurationPlatforms) = preSolution
		Debug|Any CPU = Debug|Any CPU
		Release|Any CPU = Release|Any CPU
	EndGlobalSection
	GlobalSection(ProjectConfigurationPlatforms) = postSolution
		{0483EB74-B574-4115-9C04-69183DB435F9}.Debug|Any CPU.ActiveCfg = Debug|Any CPU
		{0483EB74-B574-4115-9C04-69183DB435F9}.Debug|Any CPU.Build.0 = Debug|Any CPU
		{0483EB74-B574-4115-9C04-69183DB435F9}.Release|Any CPU.ActiveCfg = Release|Any CPU
		{0483EB74-B574-4115-9C04-69183DB435F9}.Release|Any CPU.Build.0 = Release|Any CPU
		{89859A7B-1309-4327-9086-097A9E6FC498}.Debug|Any CPU.ActiveCfg = Debug|Any CPU
		{89859A7B-1309-4327-9086-097A9E6FC498}.Debug|Any CPU.Build.0 = Debug|Any CPU
		{89859A7B-1309-4327-9086-097A9E6FC498}.Release|Any CPU.ActiveCfg = Release|Any CPU
		{89859A7B-1309-4327-9086-097A9E6FC498}.Release|Any CPU.Build.0 = Release|Any CPU
		{8900B34A-B00B-4FBC-9D3F-9C91781DBC8A}.Debug|Any CPU.ActiveCfg = Debug|Any CPU
		{8900B34A-B00B-4FBC-9D3F-9C91781DBC8A}.Debug|Any CPU.Build.0 = Debug|Any CPU
		{8900B34A-B00B-4FBC-9D3F-9C91781DBC8A}.Release|Any CPU.ActiveCfg = Release|Any CPU
		{8900B34A-B00B-4FBC-9D3F-9C91781DBC8A}.Release|Any CPU.Build.0 = Release|Any CPU
	EndGlobalSection
	GlobalSection(SolutionProperties) = preSolution
		HideSolutionNode = FALSE
	EndGlobalSection
	GlobalSection(ExtensibilityGlobals) = postSolution
		SolutionGuid = {02B8C962-1601-4ECB-A019-4AE78F390360}
	EndGlobalSection
EndGlobal
